
Microsoft Visual Studio Solution File, Format Version 12.00
# Visual Studio Version 16
VisualStudioVersion = 16.0.30011.22
MinimumVisualStudioVersion = 10.0.40219.1
Project("{FAE04EC0-301F-11D3-BF4B-00C04F79EFBC}") = "Domen", "Domen\Domen.csproj", "{76403901-251C-484F-B6AD-439B592004DD}"
EndProject
Project("{FAE04EC0-301F-11D3-BF4B-00C04F79EFBC}") = "Server", "Server\Server.csproj", "{FBD1DB0B-944D-4852-B7C6-1870840A889E}"
EndProject
Project("{FAE04EC0-301F-11D3-BF4B-00C04F79EFBC}") = "Klijent", "Klijent\Klijent.csproj", "{C8D7D098-8B0C-4506-93D6-B7C1C17C4D47}"
EndProject
Global
	GlobalSection(SolutionConfigurationPlatforms) = preSolution
		Debug|Any CPU = Debug|Any CPU
		Release|Any CPU = Release|Any CPU
	EndGlobalSection
	GlobalSection(ProjectConfigurationPlatforms) = postSolution
		{76403901-251C-484F-B6AD-439B592004DD}.Debug|Any CPU.ActiveCfg = Debug|Any CPU
		{76403901-251C-484F-B6AD-439B592004DD}.Debug|Any CPU.Build.0 = Debug|Any CPU
		{76403901-251C-484F-B6AD-439B592004DD}.Release|Any CPU.ActiveCfg = Release|Any CPU
		{76403901-251C-484F-B6AD-439B592004DD}.Release|Any CPU.Build.0 = Release|Any CPU
		{FBD1DB0B-944D-4852-B7C6-1870840A889E}.Debug|Any CPU.ActiveCfg = Debug|Any CPU
		{FBD1DB0B-944D-4852-B7C6-1870840A889E}.Debug|Any CPU.Build.0 = Debug|Any CPU
		{FBD1DB0B-944D-4852-B7C6-1870840A889E}.Release|Any CPU.ActiveCfg = Release|Any CPU
		{FBD1DB0B-944D-4852-B7C6-1870840A889E}.Release|Any CPU.Build.0 = Release|Any CPU
		{C8D7D098-8B0C-4506-93D6-B7C1C17C4D47}.Debug|Any CPU.ActiveCfg = Debug|Any CPU
		{C8D7D098-8B0C-4506-93D6-B7C1C17C4D47}.Debug|Any CPU.Build.0 = Debug|Any CPU
		{C8D7D098-8B0C-4506-93D6-B7C1C17C4D47}.Release|Any CPU.ActiveCfg = Release|Any CPU
		{C8D7D098-8B0C-4506-93D6-B7C1C17C4D47}.Release|Any CPU.Build.0 = Release|Any CPU
	EndGlobalSection
	GlobalSection(SolutionProperties) = preSolution
		HideSolutionNode = FALSE
	EndGlobalSection
	GlobalSection(ExtensibilityGlobals) = postSolution
		SolutionGuid = {B0B7FD06-E18A-44DF-B75A-3DD04BC972E8}
	EndGlobalSection
EndGlobal
